// !$*UTF8*$!
{
	archiveVersion = 1;
	classes = {
	};
	objectVersion = 55;
	objects = {

/* Begin PBXBuildFile section */
		6C51DC1A27B6176F00E54296 /* TipJarApp.swift in Sources */ = {isa = PBXBuildFile; fileRef = 6C51DC1927B6176F00E54296 /* TipJarApp.swift */; };
		6C51DC1E27B6177000E54296 /* Assets.xcassets in Resources */ = {isa = PBXBuildFile; fileRef = 6C51DC1D27B6177000E54296 /* Assets.xcassets */; };
		6C51DC2127B6177000E54296 /* Preview Assets.xcassets in Resources */ = {isa = PBXBuildFile; fileRef = 6C51DC2027B6177000E54296 /* Preview Assets.xcassets */; };
		6C51DC2B27B6177000E54296 /* TipJarTests.swift in Sources */ = {isa = PBXBuildFile; fileRef = 6C51DC2A27B6177000E54296 /* TipJarTests.swift */; };
		6C51DC3527B6177000E54296 /* TipJarUITests.swift in Sources */ = {isa = PBXBuildFile; fileRef = 6C51DC3427B6177000E54296 /* TipJarUITests.swift */; };
		6C51DC3727B6177000E54296 /* TipJarUITestsLaunchTests.swift in Sources */ = {isa = PBXBuildFile; fileRef = 6C51DC3627B6177000E54296 /* TipJarUITestsLaunchTests.swift */; };
		D02572BF28187149004F1C1B /* HomeHeaderView.swift in Sources */ = {isa = PBXBuildFile; fileRef = D02572BE28187149004F1C1B /* HomeHeaderView.swift */; };
		D02572C128188556004F1C1B /* TipSectionView.swift in Sources */ = {isa = PBXBuildFile; fileRef = D02572C028188556004F1C1B /* TipSectionView.swift */; };
		D02572D02818BFEB004F1C1B /* Roboto-Regular.ttf in Resources */ = {isa = PBXBuildFile; fileRef = D02572CD2818BFEB004F1C1B /* Roboto-Regular.ttf */; };
		D02572D12818BFEB004F1C1B /* Roboto-Medium.ttf in Resources */ = {isa = PBXBuildFile; fileRef = D02572CE2818BFEB004F1C1B /* Roboto-Medium.ttf */; };
		D02572D22818BFEB004F1C1B /* Roboto-Bold.ttf in Resources */ = {isa = PBXBuildFile; fileRef = D02572CF2818BFEB004F1C1B /* Roboto-Bold.ttf */; };
		D02572D52818C0B7004F1C1B /* Fonts.swift in Sources */ = {isa = PBXBuildFile; fileRef = D02572D42818C0B7004F1C1B /* Fonts.swift */; };
		D02572D92818CBC6004F1C1B /* Images.swift in Sources */ = {isa = PBXBuildFile; fileRef = D02572D82818CBC6004F1C1B /* Images.swift */; };
		D02572DB2818D024004F1C1B /* Colors.swift in Sources */ = {isa = PBXBuildFile; fileRef = D02572DA2818D024004F1C1B /* Colors.swift */; };
		D02D2E9E281A55FB00BBABE1 /* Date.swift in Sources */ = {isa = PBXBuildFile; fileRef = D02D2E9D281A55FB00BBABE1 /* Date.swift */; };
		D02D2EA4281B716900BBABE1 /* CameraComponent.swift in Sources */ = {isa = PBXBuildFile; fileRef = D02D2EA3281B716900BBABE1 /* CameraComponent.swift */; };
		D02D2EA6281B737400BBABE1 /* CheckboxComponent.swift in Sources */ = {isa = PBXBuildFile; fileRef = D02D2EA5281B737400BBABE1 /* CheckboxComponent.swift */; };
		D0647CF52818EBCA009D2BD0 /* PaymentsListView.swift in Sources */ = {isa = PBXBuildFile; fileRef = D0647CF42818EBCA009D2BD0 /* PaymentsListView.swift */; };
		D0647CF82818F07D009D2BD0 /* PaymentsHeaderView.swift in Sources */ = {isa = PBXBuildFile; fileRef = D0647CF72818F07D009D2BD0 /* PaymentsHeaderView.swift */; };
		D0647CFB281905F7009D2BD0 /* Keyboard.swift in Sources */ = {isa = PBXBuildFile; fileRef = D0647CFA281905F7009D2BD0 /* Keyboard.swift */; };
		D07560092819FCF700DC0037 /* Numbers.swift in Sources */ = {isa = PBXBuildFile; fileRef = D07560082819FCF700DC0037 /* Numbers.swift */; };
		D0756014281A4CF500DC0037 /* SavedPaymentView.swift in Sources */ = {isa = PBXBuildFile; fileRef = D0756013281A4CF500DC0037 /* SavedPaymentView.swift */; };
		D0981411281B8D130003AC6C /* TipContainer.xcdatamodeld in Sources */ = {isa = PBXBuildFile; fileRef = D098140F281B8D130003AC6C /* TipContainer.xcdatamodeld */; };
		D0A916F0281B97C0005A92E9 /* DatabaseManager.swift in Sources */ = {isa = PBXBuildFile; fileRef = D0A916EF281B97C0005A92E9 /* DatabaseManager.swift */; };
		D0A916F2281B9AAD005A92E9 /* TipSectionViewModel.swift in Sources */ = {isa = PBXBuildFile; fileRef = D0A916F1281B9AAD005A92E9 /* TipSectionViewModel.swift */; };
		D0A916F6281C90F0005A92E9 /* ImageFileManager.swift in Sources */ = {isa = PBXBuildFile; fileRef = D0A916F5281C90F0005A92E9 /* ImageFileManager.swift */; };
		D0A916F8281C9A92005A92E9 /* KeyboardComponent.swift in Sources */ = {isa = PBXBuildFile; fileRef = D0A916F7281C9A92005A92E9 /* KeyboardComponent.swift */; };
		D0E6FFA92819D8FD0071951D /* TextfieldComponent.swift in Sources */ = {isa = PBXBuildFile; fileRef = D0E6FFA82819D8FD0071951D /* TextfieldComponent.swift */; };
/* End PBXBuildFile section */

/* Begin PBXContainerItemProxy section */
		6C51DC2727B6177000E54296 /* PBXContainerItemProxy */ = {
			isa = PBXContainerItemProxy;
			containerPortal = 6C51DC0E27B6176F00E54296 /* Project object */;
			proxyType = 1;
			remoteGlobalIDString = 6C51DC1527B6176F00E54296;
			remoteInfo = TipJar;
		};
		6C51DC3127B6177000E54296 /* PBXContainerItemProxy */ = {
			isa = PBXContainerItemProxy;
			containerPortal = 6C51DC0E27B6176F00E54296 /* Project object */;
			proxyType = 1;
			remoteGlobalIDString = 6C51DC1527B6176F00E54296;
			remoteInfo = TipJar;
		};
/* End PBXContainerItemProxy section */

/* Begin PBXFileReference section */
		6C51DC1627B6176F00E54296 /* TipJar.app */ = {isa = PBXFileReference; explicitFileType = wrapper.application; includeInIndex = 0; path = TipJar.app; sourceTree = BUILT_PRODUCTS_DIR; };
		6C51DC1927B6176F00E54296 /* TipJarApp.swift */ = {isa = PBXFileReference; lastKnownFileType = sourcecode.swift; path = TipJarApp.swift; sourceTree = "<group>"; };
		6C51DC1D27B6177000E54296 /* Assets.xcassets */ = {isa = PBXFileReference; lastKnownFileType = folder.assetcatalog; path = Assets.xcassets; sourceTree = "<group>"; };
		6C51DC2027B6177000E54296 /* Preview Assets.xcassets */ = {isa = PBXFileReference; lastKnownFileType = folder.assetcatalog; path = "Preview Assets.xcassets"; sourceTree = "<group>"; };
		6C51DC2627B6177000E54296 /* TipJarTests.xctest */ = {isa = PBXFileReference; explicitFileType = wrapper.cfbundle; includeInIndex = 0; path = TipJarTests.xctest; sourceTree = BUILT_PRODUCTS_DIR; };
		6C51DC2A27B6177000E54296 /* TipJarTests.swift */ = {isa = PBXFileReference; lastKnownFileType = sourcecode.swift; path = TipJarTests.swift; sourceTree = "<group>"; };
		6C51DC3027B6177000E54296 /* TipJarUITests.xctest */ = {isa = PBXFileReference; explicitFileType = wrapper.cfbundle; includeInIndex = 0; path = TipJarUITests.xctest; sourceTree = BUILT_PRODUCTS_DIR; };
		6C51DC3427B6177000E54296 /* TipJarUITests.swift */ = {isa = PBXFileReference; lastKnownFileType = sourcecode.swift; path = TipJarUITests.swift; sourceTree = "<group>"; };
		6C51DC3627B6177000E54296 /* TipJarUITestsLaunchTests.swift */ = {isa = PBXFileReference; lastKnownFileType = sourcecode.swift; path = TipJarUITestsLaunchTests.swift; sourceTree = "<group>"; };
		D02572BE28187149004F1C1B /* HomeHeaderView.swift */ = {isa = PBXFileReference; lastKnownFileType = sourcecode.swift; path = HomeHeaderView.swift; sourceTree = "<group>"; };
		D02572C028188556004F1C1B /* TipSectionView.swift */ = {isa = PBXFileReference; lastKnownFileType = sourcecode.swift; path = TipSectionView.swift; sourceTree = "<group>"; };
		D02572CD2818BFEB004F1C1B /* Roboto-Regular.ttf */ = {isa = PBXFileReference; lastKnownFileType = file; path = "Roboto-Regular.ttf"; sourceTree = "<group>"; };
		D02572CE2818BFEB004F1C1B /* Roboto-Medium.ttf */ = {isa = PBXFileReference; lastKnownFileType = file; path = "Roboto-Medium.ttf"; sourceTree = "<group>"; };
		D02572CF2818BFEB004F1C1B /* Roboto-Bold.ttf */ = {isa = PBXFileReference; lastKnownFileType = file; path = "Roboto-Bold.ttf"; sourceTree = "<group>"; };
		D02572D32818BFF6004F1C1B /* Info.plist */ = {isa = PBXFileReference; lastKnownFileType = text.plist.xml; path = Info.plist; sourceTree = "<group>"; };
		D02572D42818C0B7004F1C1B /* Fonts.swift */ = {isa = PBXFileReference; lastKnownFileType = sourcecode.swift; path = Fonts.swift; sourceTree = "<group>"; };
		D02572D82818CBC6004F1C1B /* Images.swift */ = {isa = PBXFileReference; lastKnownFileType = sourcecode.swift; path = Images.swift; sourceTree = "<group>"; };
		D02572DA2818D024004F1C1B /* Colors.swift */ = {isa = PBXFileReference; lastKnownFileType = sourcecode.swift; path = Colors.swift; sourceTree = "<group>"; };
		D02D2E9D281A55FB00BBABE1 /* Date.swift */ = {isa = PBXFileReference; lastKnownFileType = sourcecode.swift; path = Date.swift; sourceTree = "<group>"; };
		D02D2EA3281B716900BBABE1 /* CameraComponent.swift */ = {isa = PBXFileReference; lastKnownFileType = sourcecode.swift; path = CameraComponent.swift; sourceTree = "<group>"; };
		D02D2EA5281B737400BBABE1 /* CheckboxComponent.swift */ = {isa = PBXFileReference; lastKnownFileType = sourcecode.swift; path = CheckboxComponent.swift; sourceTree = "<group>"; };
		D0647CF42818EBCA009D2BD0 /* PaymentsListView.swift */ = {isa = PBXFileReference; lastKnownFileType = sourcecode.swift; path = PaymentsListView.swift; sourceTree = "<group>"; };
		D0647CF72818F07D009D2BD0 /* PaymentsHeaderView.swift */ = {isa = PBXFileReference; lastKnownFileType = sourcecode.swift; path = PaymentsHeaderView.swift; sourceTree = "<group>"; };
		D0647CFA281905F7009D2BD0 /* Keyboard.swift */ = {isa = PBXFileReference; lastKnownFileType = sourcecode.swift; path = Keyboard.swift; sourceTree = "<group>"; };
		D07560082819FCF700DC0037 /* Numbers.swift */ = {isa = PBXFileReference; lastKnownFileType = sourcecode.swift; path = Numbers.swift; sourceTree = "<group>"; };
		D0756013281A4CF500DC0037 /* SavedPaymentView.swift */ = {isa = PBXFileReference; lastKnownFileType = sourcecode.swift; path = SavedPaymentView.swift; sourceTree = "<group>"; };
		D0981410281B8D130003AC6C /* TipContainer.xcdatamodel */ = {isa = PBXFileReference; lastKnownFileType = wrapper.xcdatamodel; path = TipContainer.xcdatamodel; sourceTree = "<group>"; };
		D0A916EF281B97C0005A92E9 /* DatabaseManager.swift */ = {isa = PBXFileReference; lastKnownFileType = sourcecode.swift; path = DatabaseManager.swift; sourceTree = "<group>"; };
		D0A916F1281B9AAD005A92E9 /* TipSectionViewModel.swift */ = {isa = PBXFileReference; lastKnownFileType = sourcecode.swift; path = TipSectionViewModel.swift; sourceTree = "<group>"; };
		D0A916F5281C90F0005A92E9 /* ImageFileManager.swift */ = {isa = PBXFileReference; lastKnownFileType = sourcecode.swift; path = ImageFileManager.swift; sourceTree = "<group>"; };
		D0A916F7281C9A92005A92E9 /* KeyboardComponent.swift */ = {isa = PBXFileReference; lastKnownFileType = sourcecode.swift; path = KeyboardComponent.swift; sourceTree = "<group>"; };
		D0E6FFA82819D8FD0071951D /* TextfieldComponent.swift */ = {isa = PBXFileReference; lastKnownFileType = sourcecode.swift; path = TextfieldComponent.swift; sourceTree = "<group>"; };
/* End PBXFileReference section */

/* Begin PBXFrameworksBuildPhase section */
		6C51DC1327B6176F00E54296 /* Frameworks */ = {
			isa = PBXFrameworksBuildPhase;
			buildActionMask = 2147483647;
			files = (
			);
			runOnlyForDeploymentPostprocessing = 0;
		};
		6C51DC2327B6177000E54296 /* Frameworks */ = {
			isa = PBXFrameworksBuildPhase;
			buildActionMask = 2147483647;
			files = (
			);
			runOnlyForDeploymentPostprocessing = 0;
		};
		6C51DC2D27B6177000E54296 /* Frameworks */ = {
			isa = PBXFrameworksBuildPhase;
			buildActionMask = 2147483647;
			files = (
			);
			runOnlyForDeploymentPostprocessing = 0;
		};
/* End PBXFrameworksBuildPhase section */

/* Begin PBXGroup section */
		6C51DC0D27B6176F00E54296 = {
			isa = PBXGroup;
			children = (
				6C51DC1827B6176F00E54296 /* TipJar */,
				6C51DC2927B6177000E54296 /* TipJarTests */,
				6C51DC3327B6177000E54296 /* TipJarUITests */,
				6C51DC1727B6176F00E54296 /* Products */,
			);
			sourceTree = "<group>";
		};
		6C51DC1727B6176F00E54296 /* Products */ = {
			isa = PBXGroup;
			children = (
				6C51DC1627B6176F00E54296 /* TipJar.app */,
				6C51DC2627B6177000E54296 /* TipJarTests.xctest */,
				6C51DC3027B6177000E54296 /* TipJarUITests.xctest */,
			);
			name = Products;
			sourceTree = "<group>";
		};
		6C51DC1827B6176F00E54296 /* TipJar */ = {
			isa = PBXGroup;
			children = (
				D02572D32818BFF6004F1C1B /* Info.plist */,
				D0981412281B8D9B0003AC6C /* Database */,
				D02572BD28187135004F1C1B /* Views */,
				D00662062819B67D00843437 /* View Model */,
				D02572CB2818BFD1004F1C1B /* Resources */,
				6C51DC1927B6176F00E54296 /* TipJarApp.swift */,
				6C51DC1D27B6177000E54296 /* Assets.xcassets */,
				6C51DC1F27B6177000E54296 /* Preview Content */,
			);
			path = TipJar;
			sourceTree = "<group>";
		};
		6C51DC1F27B6177000E54296 /* Preview Content */ = {
			isa = PBXGroup;
			children = (
				6C51DC2027B6177000E54296 /* Preview Assets.xcassets */,
			);
			path = "Preview Content";
			sourceTree = "<group>";
		};
		6C51DC2927B6177000E54296 /* TipJarTests */ = {
			isa = PBXGroup;
			children = (
				6C51DC2A27B6177000E54296 /* TipJarTests.swift */,
			);
			path = TipJarTests;
			sourceTree = "<group>";
		};
		6C51DC3327B6177000E54296 /* TipJarUITests */ = {
			isa = PBXGroup;
			children = (
				6C51DC3427B6177000E54296 /* TipJarUITests.swift */,
				6C51DC3627B6177000E54296 /* TipJarUITestsLaunchTests.swift */,
			);
			path = TipJarUITests;
			sourceTree = "<group>";
		};
		D00662062819B67D00843437 /* View Model */ = {
			isa = PBXGroup;
			children = (
				D0A916F1281B9AAD005A92E9 /* TipSectionViewModel.swift */,
			);
			path = "View Model";
			sourceTree = "<group>";
		};
		D02572BD28187135004F1C1B /* Views */ = {
			isa = PBXGroup;
			children = (
				D0E6FFA72819D8EB0071951D /* Components */,
				D0647CF92818F4F9009D2BD0 /* Content */,
				D0647CF62818F061009D2BD0 /* Headers */,
			);
			path = Views;
			sourceTree = "<group>";
		};
		D02572CB2818BFD1004F1C1B /* Resources */ = {
			isa = PBXGroup;
			children = (
				D02572CC2818BFDF004F1C1B /* Fonts */,
				D02572D42818C0B7004F1C1B /* Fonts.swift */,
				D02572D82818CBC6004F1C1B /* Images.swift */,
				D02572DA2818D024004F1C1B /* Colors.swift */,
				D0647CFA281905F7009D2BD0 /* Keyboard.swift */,
				D07560082819FCF700DC0037 /* Numbers.swift */,
				D02D2E9D281A55FB00BBABE1 /* Date.swift */,
			);
			path = Resources;
			sourceTree = "<group>";
		};
		D02572CC2818BFDF004F1C1B /* Fonts */ = {
			isa = PBXGroup;
			children = (
				D02572CF2818BFEB004F1C1B /* Roboto-Bold.ttf */,
				D02572CE2818BFEB004F1C1B /* Roboto-Medium.ttf */,
				D02572CD2818BFEB004F1C1B /* Roboto-Regular.ttf */,
			);
			path = Fonts;
			sourceTree = "<group>";
		};
		D0647CF62818F061009D2BD0 /* Headers */ = {
			isa = PBXGroup;
			children = (
				D02572BE28187149004F1C1B /* HomeHeaderView.swift */,
				D0647CF72818F07D009D2BD0 /* PaymentsHeaderView.swift */,
			);
			path = Headers;
			sourceTree = "<group>";
		};
		D0647CF92818F4F9009D2BD0 /* Content */ = {
			isa = PBXGroup;
			children = (
				D02572C028188556004F1C1B /* TipSectionView.swift */,
				D0647CF42818EBCA009D2BD0 /* PaymentsListView.swift */,
				D0756013281A4CF500DC0037 /* SavedPaymentView.swift */,
			);
			path = Content;
			sourceTree = "<group>";
		};
		D0981412281B8D9B0003AC6C /* Database */ = {
			isa = PBXGroup;
			children = (
				D098140F281B8D130003AC6C /* TipContainer.xcdatamodeld */,
				D0A916EF281B97C0005A92E9 /* DatabaseManager.swift */,
				D0A916F5281C90F0005A92E9 /* ImageFileManager.swift */,
			);
			path = Database;
			sourceTree = "<group>";
		};
		D0E6FFA72819D8EB0071951D /* Components */ = {
			isa = PBXGroup;
			children = (
				D0E6FFA82819D8FD0071951D /* TextfieldComponent.swift */,
				D02D2EA3281B716900BBABE1 /* CameraComponent.swift */,
				D02D2EA5281B737400BBABE1 /* CheckboxComponent.swift */,
				D0A916F7281C9A92005A92E9 /* KeyboardComponent.swift */,
			);
			path = Components;
			sourceTree = "<group>";
		};
/* End PBXGroup section */

/* Begin PBXNativeTarget section */
		6C51DC1527B6176F00E54296 /* TipJar */ = {
			isa = PBXNativeTarget;
			buildConfigurationList = 6C51DC3A27B6177000E54296 /* Build configuration list for PBXNativeTarget "TipJar" */;
			buildPhases = (
				6C51DC1227B6176F00E54296 /* Sources */,
				6C51DC1327B6176F00E54296 /* Frameworks */,
				6C51DC1427B6176F00E54296 /* Resources */,
			);
			buildRules = (
			);
			dependencies = (
			);
			name = TipJar;
			productName = TipJar;
			productReference = 6C51DC1627B6176F00E54296 /* TipJar.app */;
			productType = "com.apple.product-type.application";
		};
		6C51DC2527B6177000E54296 /* TipJarTests */ = {
			isa = PBXNativeTarget;
			buildConfigurationList = 6C51DC3D27B6177000E54296 /* Build configuration list for PBXNativeTarget "TipJarTests" */;
			buildPhases = (
				6C51DC2227B6177000E54296 /* Sources */,
				6C51DC2327B6177000E54296 /* Frameworks */,
				6C51DC2427B6177000E54296 /* Resources */,
			);
			buildRules = (
			);
			dependencies = (
				6C51DC2827B6177000E54296 /* PBXTargetDependency */,
			);
			name = TipJarTests;
			productName = TipJarTests;
			productReference = 6C51DC2627B6177000E54296 /* TipJarTests.xctest */;
			productType = "com.apple.product-type.bundle.unit-test";
		};
		6C51DC2F27B6177000E54296 /* TipJarUITests */ = {
			isa = PBXNativeTarget;
			buildConfigurationList = 6C51DC4027B6177000E54296 /* Build configuration list for PBXNativeTarget "TipJarUITests" */;
			buildPhases = (
				6C51DC2C27B6177000E54296 /* Sources */,
				6C51DC2D27B6177000E54296 /* Frameworks */,
				6C51DC2E27B6177000E54296 /* Resources */,
			);
			buildRules = (
			);
			dependencies = (
				6C51DC3227B6177000E54296 /* PBXTargetDependency */,
			);
			name = TipJarUITests;
			productName = TipJarUITests;
			productReference = 6C51DC3027B6177000E54296 /* TipJarUITests.xctest */;
			productType = "com.apple.product-type.bundle.ui-testing";
		};
/* End PBXNativeTarget section */

/* Begin PBXProject section */
		6C51DC0E27B6176F00E54296 /* Project object */ = {
			isa = PBXProject;
			attributes = {
				BuildIndependentTargetsInParallel = 1;
				LastSwiftUpdateCheck = 1320;
				LastUpgradeCheck = 1320;
				TargetAttributes = {
					6C51DC1527B6176F00E54296 = {
						CreatedOnToolsVersion = 13.2.1;
					};
					6C51DC2527B6177000E54296 = {
						CreatedOnToolsVersion = 13.2.1;
						TestTargetID = 6C51DC1527B6176F00E54296;
					};
					6C51DC2F27B6177000E54296 = {
						CreatedOnToolsVersion = 13.2.1;
						TestTargetID = 6C51DC1527B6176F00E54296;
					};
				};
			};
			buildConfigurationList = 6C51DC1127B6176F00E54296 /* Build configuration list for PBXProject "TipJar" */;
			compatibilityVersion = "Xcode 13.0";
			developmentRegion = en;
			hasScannedForEncodings = 0;
			knownRegions = (
				en,
				Base,
			);
			mainGroup = 6C51DC0D27B6176F00E54296;
			productRefGroup = 6C51DC1727B6176F00E54296 /* Products */;
			projectDirPath = "";
			projectRoot = "";
			targets = (
				6C51DC1527B6176F00E54296 /* TipJar */,
				6C51DC2527B6177000E54296 /* TipJarTests */,
				6C51DC2F27B6177000E54296 /* TipJarUITests */,
			);
		};
/* End PBXProject section */

/* Begin PBXResourcesBuildPhase section */
		6C51DC1427B6176F00E54296 /* Resources */ = {
			isa = PBXResourcesBuildPhase;
			buildActionMask = 2147483647;
			files = (
				D02572D12818BFEB004F1C1B /* Roboto-Medium.ttf in Resources */,
				D02572D22818BFEB004F1C1B /* Roboto-Bold.ttf in Resources */,
				6C51DC2127B6177000E54296 /* Preview Assets.xcassets in Resources */,
				D02572D02818BFEB004F1C1B /* Roboto-Regular.ttf in Resources */,
				6C51DC1E27B6177000E54296 /* Assets.xcassets in Resources */,
			);
			runOnlyForDeploymentPostprocessing = 0;
		};
		6C51DC2427B6177000E54296 /* Resources */ = {
			isa = PBXResourcesBuildPhase;
			buildActionMask = 2147483647;
			files = (
			);
			runOnlyForDeploymentPostprocessing = 0;
		};
		6C51DC2E27B6177000E54296 /* Resources */ = {
			isa = PBXResourcesBuildPhase;
			buildActionMask = 2147483647;
			files = (
			);
			runOnlyForDeploymentPostprocessing = 0;
		};
/* End PBXResourcesBuildPhase section */

/* Begin PBXSourcesBuildPhase section */
		6C51DC1227B6176F00E54296 /* Sources */ = {
			isa = PBXSourcesBuildPhase;
			buildActionMask = 2147483647;
			files = (
				D0756014281A4CF500DC0037 /* SavedPaymentView.swift in Sources */,
				D02572D92818CBC6004F1C1B /* Images.swift in Sources */,
				D0A916F6281C90F0005A92E9 /* ImageFileManager.swift in Sources */,
				D0A916F2281B9AAD005A92E9 /* TipSectionViewModel.swift in Sources */,
				D0647CF52818EBCA009D2BD0 /* PaymentsListView.swift in Sources */,
				D02D2E9E281A55FB00BBABE1 /* Date.swift in Sources */,
				D0A916F8281C9A92005A92E9 /* KeyboardComponent.swift in Sources */,
				D02572DB2818D024004F1C1B /* Colors.swift in Sources */,
				D0647CFB281905F7009D2BD0 /* Keyboard.swift in Sources */,
				D02D2EA6281B737400BBABE1 /* CheckboxComponent.swift in Sources */,
				D02572D52818C0B7004F1C1B /* Fonts.swift in Sources */,
				D02D2EA4281B716900BBABE1 /* CameraComponent.swift in Sources */,
				D02572BF28187149004F1C1B /* HomeHeaderView.swift in Sources */,
				D0981411281B8D130003AC6C /* TipContainer.xcdatamodeld in Sources */,
				D07560092819FCF700DC0037 /* Numbers.swift in Sources */,
				D0A916F0281B97C0005A92E9 /* DatabaseManager.swift in Sources */,
				D0E6FFA92819D8FD0071951D /* TextfieldComponent.swift in Sources */,
				6C51DC1A27B6176F00E54296 /* TipJarApp.swift in Sources */,
				D0647CF82818F07D009D2BD0 /* PaymentsHeaderView.swift in Sources */,
				D02572C128188556004F1C1B /* TipSectionView.swift in Sources */,
			);
			runOnlyForDeploymentPostprocessing = 0;
		};
		6C51DC2227B6177000E54296 /* Sources */ = {
			isa = PBXSourcesBuildPhase;
			buildActionMask = 2147483647;
			files = (
				6C51DC2B27B6177000E54296 /* TipJarTests.swift in Sources */,
			);
			runOnlyForDeploymentPostprocessing = 0;
		};
		6C51DC2C27B6177000E54296 /* Sources */ = {
			isa = PBXSourcesBuildPhase;
			buildActionMask = 2147483647;
			files = (
				6C51DC3727B6177000E54296 /* TipJarUITestsLaunchTests.swift in Sources */,
				6C51DC3527B6177000E54296 /* TipJarUITests.swift in Sources */,
			);
			runOnlyForDeploymentPostprocessing = 0;
		};
/* End PBXSourcesBuildPhase section */

/* Begin PBXTargetDependency section */
		6C51DC2827B6177000E54296 /* PBXTargetDependency */ = {
			isa = PBXTargetDependency;
			target = 6C51DC1527B6176F00E54296 /* TipJar */;
			targetProxy = 6C51DC2727B6177000E54296 /* PBXContainerItemProxy */;
		};
		6C51DC3227B6177000E54296 /* PBXTargetDependency */ = {
			isa = PBXTargetDependency;
			target = 6C51DC1527B6176F00E54296 /* TipJar */;
			targetProxy = 6C51DC3127B6177000E54296 /* PBXContainerItemProxy */;
		};
/* End PBXTargetDependency section */

/* Begin XCBuildConfiguration section */
		6C51DC3827B6177000E54296 /* Debug */ = {
			isa = XCBuildConfiguration;
			buildSettings = {
				ALWAYS_SEARCH_USER_PATHS = NO;
				CLANG_ANALYZER_NONNULL = YES;
				CLANG_ANALYZER_NUMBER_OBJECT_CONVERSION = YES_AGGRESSIVE;
				CLANG_CXX_LANGUAGE_STANDARD = "gnu++17";
				CLANG_CXX_LIBRARY = "libc++";
				CLANG_ENABLE_MODULES = YES;
				CLANG_ENABLE_OBJC_ARC = YES;
				CLANG_ENABLE_OBJC_WEAK = YES;
				CLANG_WARN_BLOCK_CAPTURE_AUTORELEASING = YES;
				CLANG_WARN_BOOL_CONVERSION = YES;
				CLANG_WARN_COMMA = YES;
				CLANG_WARN_CONSTANT_CONVERSION = YES;
				CLANG_WARN_DEPRECATED_OBJC_IMPLEMENTATIONS = YES;
				CLANG_WARN_DIRECT_OBJC_ISA_USAGE = YES_ERROR;
				CLANG_WARN_DOCUMENTATION_COMMENTS = YES;
				CLANG_WARN_EMPTY_BODY = YES;
				CLANG_WARN_ENUM_CONVERSION = YES;
				CLANG_WARN_INFINITE_RECURSION = YES;
				CLANG_WARN_INT_CONVERSION = YES;
				CLANG_WARN_NON_LITERAL_NULL_CONVERSION = YES;
				CLANG_WARN_OBJC_IMPLICIT_RETAIN_SELF = YES;
				CLANG_WARN_OBJC_LITERAL_CONVERSION = YES;
				CLANG_WARN_OBJC_ROOT_CLASS = YES_ERROR;
				CLANG_WARN_QUOTED_INCLUDE_IN_FRAMEWORK_HEADER = YES;
				CLANG_WARN_RANGE_LOOP_ANALYSIS = YES;
				CLANG_WARN_STRICT_PROTOTYPES = YES;
				CLANG_WARN_SUSPICIOUS_MOVE = YES;
				CLANG_WARN_UNGUARDED_AVAILABILITY = YES_AGGRESSIVE;
				CLANG_WARN_UNREACHABLE_CODE = YES;
				CLANG_WARN__DUPLICATE_METHOD_MATCH = YES;
				COPY_PHASE_STRIP = NO;
				DEBUG_INFORMATION_FORMAT = dwarf;
				ENABLE_STRICT_OBJC_MSGSEND = YES;
				ENABLE_TESTABILITY = YES;
				GCC_C_LANGUAGE_STANDARD = gnu11;
				GCC_DYNAMIC_NO_PIC = NO;
				GCC_NO_COMMON_BLOCKS = YES;
				GCC_OPTIMIZATION_LEVEL = 0;
				GCC_PREPROCESSOR_DEFINITIONS = (
					"DEBUG=1",
					"$(inherited)",
				);
				GCC_WARN_64_TO_32_BIT_CONVERSION = YES;
				GCC_WARN_ABOUT_RETURN_TYPE = YES_ERROR;
				GCC_WARN_UNDECLARED_SELECTOR = YES;
				GCC_WARN_UNINITIALIZED_AUTOS = YES_AGGRESSIVE;
				GCC_WARN_UNUSED_FUNCTION = YES;
				GCC_WARN_UNUSED_VARIABLE = YES;
				IPHONEOS_DEPLOYMENT_TARGET = 15.0;
				MTL_ENABLE_DEBUG_INFO = INCLUDE_SOURCE;
				MTL_FAST_MATH = YES;
				ONLY_ACTIVE_ARCH = YES;
				SDKROOT = iphoneos;
				SWIFT_ACTIVE_COMPILATION_CONDITIONS = DEBUG;
				SWIFT_OPTIMIZATION_LEVEL = "-Onone";
			};
			name = Debug;
		};
		6C51DC3927B6177000E54296 /* Release */ = {
			isa = XCBuildConfiguration;
			buildSettings = {
				ALWAYS_SEARCH_USER_PATHS = NO;
				CLANG_ANALYZER_NONNULL = YES;
				CLANG_ANALYZER_NUMBER_OBJECT_CONVERSION = YES_AGGRESSIVE;
				CLANG_CXX_LANGUAGE_STANDARD = "gnu++17";
				CLANG_CXX_LIBRARY = "libc++";
				CLANG_ENABLE_MODULES = YES;
				CLANG_ENABLE_OBJC_ARC = YES;
				CLANG_ENABLE_OBJC_WEAK = YES;
				CLANG_WARN_BLOCK_CAPTURE_AUTORELEASING = YES;
				CLANG_WARN_BOOL_CONVERSION = YES;
				CLANG_WARN_COMMA = YES;
				CLANG_WARN_CONSTANT_CONVERSION = YES;
				CLANG_WARN_DEPRECATED_OBJC_IMPLEMENTATIONS = YES;
				CLANG_WARN_DIRECT_OBJC_ISA_USAGE = YES_ERROR;
				CLANG_WARN_DOCUMENTATION_COMMENTS = YES;
				CLANG_WARN_EMPTY_BODY = YES;
				CLANG_WARN_ENUM_CONVERSION = YES;
				CLANG_WARN_INFINITE_RECURSION = YES;
				CLANG_WARN_INT_CONVERSION = YES;
				CLANG_WARN_NON_LITERAL_NULL_CONVERSION = YES;
				CLANG_WARN_OBJC_IMPLICIT_RETAIN_SELF = YES;
				CLANG_WARN_OBJC_LITERAL_CONVERSION = YES;
				CLANG_WARN_OBJC_ROOT_CLASS = YES_ERROR;
				CLANG_WARN_QUOTED_INCLUDE_IN_FRAMEWORK_HEADER = YES;
				CLANG_WARN_RANGE_LOOP_ANALYSIS = YES;
				CLANG_WARN_STRICT_PROTOTYPES = YES;
				CLANG_WARN_SUSPICIOUS_MOVE = YES;
				CLANG_WARN_UNGUARDED_AVAILABILITY = YES_AGGRESSIVE;
				CLANG_WARN_UNREACHABLE_CODE = YES;
				CLANG_WARN__DUPLICATE_METHOD_MATCH = YES;
				COPY_PHASE_STRIP = NO;
				DEBUG_INFORMATION_FORMAT = "dwarf-with-dsym";
				ENABLE_NS_ASSERTIONS = NO;
				ENABLE_STRICT_OBJC_MSGSEND = YES;
				GCC_C_LANGUAGE_STANDARD = gnu11;
				GCC_NO_COMMON_BLOCKS = YES;
				GCC_WARN_64_TO_32_BIT_CONVERSION = YES;
				GCC_WARN_ABOUT_RETURN_TYPE = YES_ERROR;
				GCC_WARN_UNDECLARED_SELECTOR = YES;
				GCC_WARN_UNINITIALIZED_AUTOS = YES_AGGRESSIVE;
				GCC_WARN_UNUSED_FUNCTION = YES;
				GCC_WARN_UNUSED_VARIABLE = YES;
				IPHONEOS_DEPLOYMENT_TARGET = 15.0;
				MTL_ENABLE_DEBUG_INFO = NO;
				MTL_FAST_MATH = YES;
				SDKROOT = iphoneos;
				SWIFT_COMPILATION_MODE = wholemodule;
				SWIFT_OPTIMIZATION_LEVEL = "-O";
				VALIDATE_PRODUCT = YES;
			};
			name = Release;
		};
		6C51DC3B27B6177000E54296 /* Debug */ = {
			isa = XCBuildConfiguration;
			buildSettings = {
				ASSETCATALOG_COMPILER_APPICON_NAME = AppIcon;
				ASSETCATALOG_COMPILER_GLOBAL_ACCENT_COLOR_NAME = AccentColor;
				CODE_SIGN_IDENTITY = "Apple Development";
				CODE_SIGN_STYLE = Automatic;
				CURRENT_PROJECT_VERSION = 1;
				DEVELOPMENT_ASSET_PATHS = "\"TipJar/Preview Content\"";
				DEVELOPMENT_TEAM = FZQXZ63VCV;
				ENABLE_PREVIEWS = YES;
				GENERATE_INFOPLIST_FILE = YES;
				INFOPLIST_FILE = TipJar/Info.plist;
				INFOPLIST_KEY_NSCameraUsageDescription = "Need to access camera to take photo";
				INFOPLIST_KEY_UIApplicationSceneManifest_Generation = YES;
				INFOPLIST_KEY_UIApplicationSupportsIndirectInputEvents = YES;
				INFOPLIST_KEY_UILaunchScreen_Generation = YES;
				INFOPLIST_KEY_UISupportedInterfaceOrientations_iPad = "UIInterfaceOrientationPortrait UIInterfaceOrientationPortraitUpsideDown UIInterfaceOrientationLandscapeLeft UIInterfaceOrientationLandscapeRight";
				INFOPLIST_KEY_UISupportedInterfaceOrientations_iPhone = "UIInterfaceOrientationPortrait UIInterfaceOrientationLandscapeLeft UIInterfaceOrientationLandscapeRight";
				LD_RUNPATH_SEARCH_PATHS = (
					"$(inherited)",
					"@executable_path/Frameworks",
				);
				MARKETING_VERSION = 1.0;
				PRODUCT_BUNDLE_IDENTIFIER = com.AzharIslam.TipJar;
				PRODUCT_NAME = "$(TARGET_NAME)";
				PROVISIONING_PROFILE_SPECIFIER = "";
				SWIFT_EMIT_LOC_STRINGS = YES;
				SWIFT_VERSION = 5.0;
				TARGETED_DEVICE_FAMILY = "1,2";
			};
			name = Debug;
		};
		6C51DC3C27B6177000E54296 /* Release */ = {
			isa = XCBuildConfiguration;
			buildSettings = {
				ASSETCATALOG_COMPILER_APPICON_NAME = AppIcon;
				ASSETCATALOG_COMPILER_GLOBAL_ACCENT_COLOR_NAME = AccentColor;
				CODE_SIGN_IDENTITY = "Apple Development";
				CODE_SIGN_STYLE = Automatic;
				CURRENT_PROJECT_VERSION = 1;
				DEVELOPMENT_ASSET_PATHS = "\"TipJar/Preview Content\"";
				DEVELOPMENT_TEAM = FZQXZ63VCV;
				ENABLE_PREVIEWS = YES;
				GENERATE_INFOPLIST_FILE = YES;
				INFOPLIST_FILE = TipJar/Info.plist;
				INFOPLIST_KEY_NSCameraUsageDescription = "Need to access camera to take photo";
				INFOPLIST_KEY_UIApplicationSceneManifest_Generation = YES;
				INFOPLIST_KEY_UIApplicationSupportsIndirectInputEvents = YES;
				INFOPLIST_KEY_UILaunchScreen_Generation = YES;
				INFOPLIST_KEY_UISupportedInterfaceOrientations_iPad = "UIInterfaceOrientationPortrait UIInterfaceOrientationPortraitUpsideDown UIInterfaceOrientationLandscapeLeft UIInterfaceOrientationLandscapeRight";
				INFOPLIST_KEY_UISupportedInterfaceOrientations_iPhone = "UIInterfaceOrientationPortrait UIInterfaceOrientationLandscapeLeft UIInterfaceOrientationLandscapeRight";
				LD_RUNPATH_SEARCH_PATHS = (
					"$(inherited)",
					"@executable_path/Frameworks",
				);
				MARKETING_VERSION = 1.0;
				PRODUCT_BUNDLE_IDENTIFIER = com.AzharIslam.TipJar;
				PRODUCT_NAME = "$(TARGET_NAME)";
				PROVISIONING_PROFILE_SPECIFIER = "";
				SWIFT_EMIT_LOC_STRINGS = YES;
				SWIFT_VERSION = 5.0;
				TARGETED_DEVICE_FAMILY = "1,2";
			};
			name = Release;
		};
		6C51DC3E27B6177000E54296 /* Debug */ = {
			isa = XCBuildConfiguration;
			buildSettings = {
				ALWAYS_EMBED_SWIFT_STANDARD_LIBRARIES = YES;
				BUNDLE_LOADER = "$(TEST_HOST)";
				CODE_SIGN_STYLE = Automatic;
				CURRENT_PROJECT_VERSION = 1;
				DEVELOPMENT_TEAM = 299HJ3G3BP;
				GENERATE_INFOPLIST_FILE = YES;
				IPHONEOS_DEPLOYMENT_TARGET = 15.2;
				MARKETING_VERSION = 1.0;
				PRODUCT_BUNDLE_IDENTIFIER = com.bitcoin.tipjar.TipJarTests;
				PRODUCT_NAME = "$(TARGET_NAME)";
				SWIFT_EMIT_LOC_STRINGS = NO;
				SWIFT_VERSION = 5.0;
				TARGETED_DEVICE_FAMILY = "1,2";
				TEST_HOST = "$(BUILT_PRODUCTS_DIR)/TipJar.app/TipJar";
			};
			name = Debug;
		};
		6C51DC3F27B6177000E54296 /* Release */ = {
			isa = XCBuildConfiguration;
			buildSettings = {
				ALWAYS_EMBED_SWIFT_STANDARD_LIBRARIES = YES;
				BUNDLE_LOADER = "$(TEST_HOST)";
				CODE_SIGN_STYLE = Automatic;
				CURRENT_PROJECT_VERSION = 1;
				DEVELOPMENT_TEAM = 299HJ3G3BP;
				GENERATE_INFOPLIST_FILE = YES;
				IPHONEOS_DEPLOYMENT_TARGET = 15.2;
				MARKETING_VERSION = 1.0;
				PRODUCT_BUNDLE_IDENTIFIER = com.bitcoin.tipjar.TipJarTests;
				PRODUCT_NAME = "$(TARGET_NAME)";
				SWIFT_EMIT_LOC_STRINGS = NO;
				SWIFT_VERSION = 5.0;
				TARGETED_DEVICE_FAMILY = "1,2";
				TEST_HOST = "$(BUILT_PRODUCTS_DIR)/TipJar.app/TipJar";
			};
			name = Release;
		};
		6C51DC4127B6177000E54296 /* Debug */ = {
			isa = XCBuildConfiguration;
			buildSettings = {
				ALWAYS_EMBED_SWIFT_STANDARD_LIBRARIES = YES;
				CODE_SIGN_STYLE = Automatic;
				CURRENT_PROJECT_VERSION = 1;
				DEVELOPMENT_TEAM = 299HJ3G3BP;
				GENERATE_INFOPLIST_FILE = YES;
				MARKETING_VERSION = 1.0;
				PRODUCT_BUNDLE_IDENTIFIER = com.bitcoin.tipjar.TipJarUITests;
				PRODUCT_NAME = "$(TARGET_NAME)";
				SWIFT_EMIT_LOC_STRINGS = NO;
				SWIFT_VERSION = 5.0;
				TARGETED_DEVICE_FAMILY = "1,2";
				TEST_TARGET_NAME = TipJar;
			};
			name = Debug;
		};
		6C51DC4227B6177000E54296 /* Release */ = {
			isa = XCBuildConfiguration;
			buildSettings = {
				ALWAYS_EMBED_SWIFT_STANDARD_LIBRARIES = YES;
				CODE_SIGN_STYLE = Automatic;
				CURRENT_PROJECT_VERSION = 1;
				DEVELOPMENT_TEAM = 299HJ3G3BP;
				GENERATE_INFOPLIST_FILE = YES;
				MARKETING_VERSION = 1.0;
				PRODUCT_BUNDLE_IDENTIFIER = com.bitcoin.tipjar.TipJarUITests;
				PRODUCT_NAME = "$(TARGET_NAME)";
				SWIFT_EMIT_LOC_STRINGS = NO;
				SWIFT_VERSION = 5.0;
				TARGETED_DEVICE_FAMILY = "1,2";
				TEST_TARGET_NAME = TipJar;
			};
			name = Release;
		};
/* End XCBuildConfiguration section */

/* Begin XCConfigurationList section */
		6C51DC1127B6176F00E54296 /* Build configuration list for PBXProject "TipJar" */ = {
			isa = XCConfigurationList;
			buildConfigurations = (
				6C51DC3827B6177000E54296 /* Debug */,
				6C51DC3927B6177000E54296 /* Release */,
			);
			defaultConfigurationIsVisible = 0;
			defaultConfigurationName = Release;
		};
		6C51DC3A27B6177000E54296 /* Build configuration list for PBXNativeTarget "TipJar" */ = {
			isa = XCConfigurationList;
			buildConfigurations = (
				6C51DC3B27B6177000E54296 /* Debug */,
				6C51DC3C27B6177000E54296 /* Release */,
			);
			defaultConfigurationIsVisible = 0;
			defaultConfigurationName = Release;
		};
		6C51DC3D27B6177000E54296 /* Build configuration list for PBXNativeTarget "TipJarTests" */ = {
			isa = XCConfigurationList;
			buildConfigurations = (
				6C51DC3E27B6177000E54296 /* Debug */,
				6C51DC3F27B6177000E54296 /* Release */,
			);
			defaultConfigurationIsVisible = 0;
			defaultConfigurationName = Release;
		};
		6C51DC4027B6177000E54296 /* Build configuration list for PBXNativeTarget "TipJarUITests" */ = {
			isa = XCConfigurationList;
			buildConfigurations = (
				6C51DC4127B6177000E54296 /* Debug */,
				6C51DC4227B6177000E54296 /* Release */,
			);
			defaultConfigurationIsVisible = 0;
			defaultConfigurationName = Release;
		};
/* End XCConfigurationList section */

/* Begin XCVersionGroup section */
		D098140F281B8D130003AC6C /* TipContainer.xcdatamodeld */ = {
			isa = XCVersionGroup;
			children = (
				D0981410281B8D130003AC6C /* TipContainer.xcdatamodel */,
			);
			currentVersion = D0981410281B8D130003AC6C /* TipContainer.xcdatamodel */;
			path = TipContainer.xcdatamodeld;
			sourceTree = "<group>";
			versionGroupType = wrapper.xcdatamodel;
		};
/* End XCVersionGroup section */
	};
	rootObject = 6C51DC0E27B6176F00E54296 /* Project object */;
}
